
Microsoft Visual Studio Solution File, Format Version 12.00
# Visual Studio Version 17
VisualStudioVersion = 17.14.36616.10 d17.14
MinimumVisualStudioVersion = 10.0.40219.1
Project("{FAE04EC0-301F-11D3-BF4B-00C04F79EFBC}") = "QLBanSach", "QLBanSach\QLBanSach.csproj", "{F392539D-F4B4-43BA-95A0-23DC9721D9FD}"
EndProject
Global
	GlobalSection(SolutionConfigurationPlatforms) = preSolution
		Debug|Any CPU = Debug|Any CPU
		Release|Any CPU = Release|Any CPU
	EndGlobalSection
	GlobalSection(ProjectConfigurationPlatforms) = postSolution
		{F392539D-F4B4-43BA-95A0-23DC9721D9FD}.Debug|Any CPU.ActiveCfg = Debug|Any CPU
		{F392539D-F4B4-43BA-95A0-23DC9721D9FD}.Debug|Any CPU.Build.0 = Debug|Any CPU
		{F392539D-F4B4-43BA-95A0-23DC9721D9FD}.Release|Any CPU.ActiveCfg = Release|Any CPU
		{F392539D-F4B4-43BA-95A0-23DC9721D9FD}.Release|Any CPU.Build.0 = Release|Any CPU
	EndGlobalSection
	GlobalSection(SolutionProperties) = preSolution
		HideSolutionNode = FALSE
	EndGlobalSection
	GlobalSection(ExtensibilityGlobals) = postSolution
		SolutionGuid = {533A69E2-64D1-454B-A813-3C7444B3AB64}
	EndGlobalSection
EndGlobal
